
Microsoft Visual Studio Solution File, Format Version 12.00
# Visual Studio Version 16
VisualStudioVersion = 16.0.31702.278
MinimumVisualStudioVersion = 10.0.40219.1
Project("{9A19103F-16F7-4668-BE54-9A1E7A4F7556}") = "Bookstore.API", "Bookstore.API\Bookstore.API.csproj", "{78D5CF3E-097C-4385-92A8-792A33B7C781}"
EndProject
Project("{FAE04EC0-301F-11D3-BF4B-00C04F79EFBC}") = "BookStore.IdentityServer", "BookStore.IdentityServer\BookStore.IdentityServer.csproj", "{AC8AAEC2-D84F-4C34-9BBC-82BC5CDC6DE6}"
EndProject
Project("{FAE04EC0-301F-11D3-BF4B-00C04F79EFBC}") = "Bookstore.Web", "Bookstore.Web\Bookstore.Web.csproj", "{28FF5A32-DF4C-4365-87B9-C0BC8308E54C}"
EndProject
Project("{FAE04EC0-301F-11D3-BF4B-00C04F79EFBC}") = "Bookstore.APIGateway", "Bookstore.APIGateway\Bookstore.APIGateway.csproj", "{1D247B7E-346E-4E87-A14E-5C106B9DC8E2}"
EndProject
Project("{FAE04EC0-301F-11D3-BF4B-00C04F79EFBC}") = "Bookstore.EnterpriseLibrary", "Bookstore.EnterpriseLibrary\Bookstore.EnterpriseLibrary.csproj", "{9A461284-95ED-4088-9F94-0BE613381A14}"
EndProject
Global
	GlobalSection(SolutionConfigurationPlatforms) = preSolution
		Debug|Any CPU = Debug|Any CPU
		Release|Any CPU = Release|Any CPU
	EndGlobalSection
	GlobalSection(ProjectConfigurationPlatforms) = postSolution
		{78D5CF3E-097C-4385-92A8-792A33B7C781}.Debug|Any CPU.ActiveCfg = Debug|Any CPU
		{78D5CF3E-097C-4385-92A8-792A33B7C781}.Debug|Any CPU.Build.0 = Debug|Any CPU
		{78D5CF3E-097C-4385-92A8-792A33B7C781}.Release|Any CPU.ActiveCfg = Release|Any CPU
		{78D5CF3E-097C-4385-92A8-792A33B7C781}.Release|Any CPU.Build.0 = Release|Any CPU
		{AC8AAEC2-D84F-4C34-9BBC-82BC5CDC6DE6}.Debug|Any CPU.ActiveCfg = Debug|Any CPU
		{AC8AAEC2-D84F-4C34-9BBC-82BC5CDC6DE6}.Debug|Any CPU.Build.0 = Debug|Any CPU
		{AC8AAEC2-D84F-4C34-9BBC-82BC5CDC6DE6}.Release|Any CPU.ActiveCfg = Release|Any CPU
		{AC8AAEC2-D84F-4C34-9BBC-82BC5CDC6DE6}.Release|Any CPU.Build.0 = Release|Any CPU
		{28FF5A32-DF4C-4365-87B9-C0BC8308E54C}.Debug|Any CPU.ActiveCfg = Debug|Any CPU
		{28FF5A32-DF4C-4365-87B9-C0BC8308E54C}.Debug|Any CPU.Build.0 = Debug|Any CPU
		{28FF5A32-DF4C-4365-87B9-C0BC8308E54C}.Release|Any CPU.ActiveCfg = Release|Any CPU
		{28FF5A32-DF4C-4365-87B9-C0BC8308E54C}.Release|Any CPU.Build.0 = Release|Any CPU
		{1D247B7E-346E-4E87-A14E-5C106B9DC8E2}.Debug|Any CPU.ActiveCfg = Debug|Any CPU
		{1D247B7E-346E-4E87-A14E-5C106B9DC8E2}.Debug|Any CPU.Build.0 = Debug|Any CPU
		{1D247B7E-346E-4E87-A14E-5C106B9DC8E2}.Release|Any CPU.ActiveCfg = Release|Any CPU
		{1D247B7E-346E-4E87-A14E-5C106B9DC8E2}.Release|Any CPU.Build.0 = Release|Any CPU
		{9A461284-95ED-4088-9F94-0BE613381A14}.Debug|Any CPU.ActiveCfg = Debug|Any CPU
		{9A461284-95ED-4088-9F94-0BE613381A14}.Debug|Any CPU.Build.0 = Debug|Any CPU
		{9A461284-95ED-4088-9F94-0BE613381A14}.Release|Any CPU.ActiveCfg = Release|Any CPU
		{9A461284-95ED-4088-9F94-0BE613381A14}.Release|Any CPU.Build.0 = Release|Any CPU
	EndGlobalSection
	GlobalSection(SolutionProperties) = preSolution
		HideSolutionNode = FALSE
	EndGlobalSection
	GlobalSection(ExtensibilityGlobals) = postSolution
		SolutionGuid = {86DE53EE-A2E6-4833-92BC-576B391A98FA}
	EndGlobalSection
EndGlobal
